
Microsoft Visual Studio Solution File, Format Version 12.00
# Visual Studio Version 17
VisualStudioVersion = 17.8.34601.278
MinimumVisualStudioVersion = 10.0.40219.1
Project("{FAE04EC0-301F-11D3-BF4B-00C04F79EFBC}") = "AIMCentreOutdoorLightingController", "AIMCentreOutdoorLightingController\AIMCentreOutdoorLightingController.csproj", "{0FED5CA2-DB83-42FB-8601-6339B197DCB7}"
EndProject
Project("{FAE04EC0-301F-11D3-BF4B-00C04F79EFBC}") = "IO.Lib", "IO.Lib\IO.Lib.csproj", "{1A88016E-0923-46B6-8C6C-415CF5554720}"
EndProject
Global
	GlobalSection(SolutionConfigurationPlatforms) = preSolution
		Debug|Any CPU = Debug|Any CPU
		Release|Any CPU = Release|Any CPU
	EndGlobalSection
	GlobalSection(ProjectConfigurationPlatforms) = postSolution
		{0FED5CA2-DB83-42FB-8601-6339B197DCB7}.Debug|Any CPU.ActiveCfg = Debug|Any CPU
		{0FED5CA2-DB83-42FB-8601-6339B197DCB7}.Debug|Any CPU.Build.0 = Debug|Any CPU
		{0FED5CA2-DB83-42FB-8601-6339B197DCB7}.Release|Any CPU.ActiveCfg = Release|Any CPU
		{0FED5CA2-DB83-42FB-8601-6339B197DCB7}.Release|Any CPU.Build.0 = Release|Any CPU
		{1A88016E-0923-46B6-8C6C-415CF5554720}.Debug|Any CPU.ActiveCfg = Debug|Any CPU
		{1A88016E-0923-46B6-8C6C-415CF5554720}.Debug|Any CPU.Build.0 = Debug|Any CPU
		{1A88016E-0923-46B6-8C6C-415CF5554720}.Release|Any CPU.ActiveCfg = Release|Any CPU
		{1A88016E-0923-46B6-8C6C-415CF5554720}.Release|Any CPU.Build.0 = Release|Any CPU
	EndGlobalSection
	GlobalSection(SolutionProperties) = preSolution
		HideSolutionNode = FALSE
	EndGlobalSection
	GlobalSection(ExtensibilityGlobals) = postSolution
		SolutionGuid = {35B1794D-AD4F-4910-93CA-4F9F511129A2}
	EndGlobalSection
EndGlobal
